
Microsoft Visual Studio Solution File, Format Version 12.00
# Visual Studio Version 16
VisualStudioVersion = 16.0.30413.136
MinimumVisualStudioVersion = 10.0.40219.1
Project("{FAE04EC0-301F-11D3-BF4B-00C04F79EFBC}") = "MISA.cukCuk", "MISA.cukCuk\MISA.cukCuk.csproj", "{61EED6CE-BB36-453D-AC35-9E256128C37A}"
EndProject
Global
	GlobalSection(SolutionConfigurationPlatforms) = preSolution
		Debug|Any CPU = Debug|Any CPU
		Release|Any CPU = Release|Any CPU
	EndGlobalSection
	GlobalSection(ProjectConfigurationPlatforms) = postSolution
		{61EED6CE-BB36-453D-AC35-9E256128C37A}.Debug|Any CPU.ActiveCfg = Debug|Any CPU
		{61EED6CE-BB36-453D-AC35-9E256128C37A}.Debug|Any CPU.Build.0 = Debug|Any CPU
		{61EED6CE-BB36-453D-AC35-9E256128C37A}.Release|Any CPU.ActiveCfg = Release|Any CPU
		{61EED6CE-BB36-453D-AC35-9E256128C37A}.Release|Any CPU.Build.0 = Release|Any CPU
	EndGlobalSection
	GlobalSection(SolutionProperties) = preSolution
		HideSolutionNode = FALSE
	EndGlobalSection
	GlobalSection(ExtensibilityGlobals) = postSolution
		SolutionGuid = {72EB2969-1D5F-46BA-A952-E4FD68B86593}
	EndGlobalSection
EndGlobal
