
Microsoft Visual Studio Solution File, Format Version 12.00
# Visual Studio Version 16
VisualStudioVersion = 16.0.30611.23
MinimumVisualStudioVersion = 10.0.40219.1
Project("{9A19103F-16F7-4668-BE54-9A1E7A4F7556}") = "MISA.OAS.Finance.Service", "src\MISA.OAS.Finance.Service\MISA.OAS.Finance.Service.csproj", "{1835E729-B1F4-415B-8CEE-9ECD4BBF7E01}"
EndProject
Global
	GlobalSection(SolutionConfigurationPlatforms) = preSolution
		Debug|Any CPU = Debug|Any CPU
		Release|Any CPU = Release|Any CPU
	EndGlobalSection
	GlobalSection(ProjectConfigurationPlatforms) = postSolution
		{1835E729-B1F4-415B-8CEE-9ECD4BBF7E01}.Debug|Any CPU.ActiveCfg = Debug|Any CPU
		{1835E729-B1F4-415B-8CEE-9ECD4BBF7E01}.Debug|Any CPU.Build.0 = Debug|Any CPU
		{1835E729-B1F4-415B-8CEE-9ECD4BBF7E01}.Release|Any CPU.ActiveCfg = Release|Any CPU
		{1835E729-B1F4-415B-8CEE-9ECD4BBF7E01}.Release|Any CPU.Build.0 = Release|Any CPU
	EndGlobalSection
	GlobalSection(SolutionProperties) = preSolution
		HideSolutionNode = FALSE
	EndGlobalSection
	GlobalSection(ExtensibilityGlobals) = postSolution
		SolutionGuid = {DA49AE50-4901-4F29-B499-5ED04EE52DB2}
	EndGlobalSection
EndGlobal
